
Microsoft Visual Studio Solution File, Format Version 12.00
# Visual Studio Version 17
VisualStudioVersion = 17.2.32526.322
MinimumVisualStudioVersion = 10.0.40219.1
Project("{9A19103F-16F7-4668-BE54-9A1E7A4F7556}") = "MyLeasing.Web", "MyLeasing.Web\MyLeasing.Web.csproj", "{9CD25A67-BDDE-43C1-B4BD-1C751DBA0BAF}"
EndProject
Project("{FAE04EC0-301F-11D3-BF4B-00C04F79EFBC}") = "MyLeasing.Common", "MyLeasing.Common\MyLeasing.Common.csproj", "{7DE4785D-BC01-46A0-AC2B-F05866086388}"
EndProject
Global
	GlobalSection(SolutionConfigurationPlatforms) = preSolution
		Debug|Any CPU = Debug|Any CPU
		Release|Any CPU = Release|Any CPU
	EndGlobalSection
	GlobalSection(ProjectConfigurationPlatforms) = postSolution
		{9CD25A67-BDDE-43C1-B4BD-1C751DBA0BAF}.Debug|Any CPU.ActiveCfg = Debug|Any CPU
		{9CD25A67-BDDE-43C1-B4BD-1C751DBA0BAF}.Debug|Any CPU.Build.0 = Debug|Any CPU
		{9CD25A67-BDDE-43C1-B4BD-1C751DBA0BAF}.Release|Any CPU.ActiveCfg = Release|Any CPU
		{9CD25A67-BDDE-43C1-B4BD-1C751DBA0BAF}.Release|Any CPU.Build.0 = Release|Any CPU
		{7DE4785D-BC01-46A0-AC2B-F05866086388}.Debug|Any CPU.ActiveCfg = Debug|Any CPU
		{7DE4785D-BC01-46A0-AC2B-F05866086388}.Debug|Any CPU.Build.0 = Debug|Any CPU
		{7DE4785D-BC01-46A0-AC2B-F05866086388}.Release|Any CPU.ActiveCfg = Release|Any CPU
		{7DE4785D-BC01-46A0-AC2B-F05866086388}.Release|Any CPU.Build.0 = Release|Any CPU
	EndGlobalSection
	GlobalSection(SolutionProperties) = preSolution
		HideSolutionNode = FALSE
	EndGlobalSection
	GlobalSection(ExtensibilityGlobals) = postSolution
		SolutionGuid = {AC856912-7D47-4834-98FA-AAB9585D2807}
	EndGlobalSection
EndGlobal
